
Microsoft Visual Studio Solution File, Format Version 12.00
Project("{FAE04EC0-301F-11D3-BF4B-00C04F79EFBC}") = "Domain", "Domain\Domain.csproj", "{60FF01A3-533F-4C56-A11E-D83F372D7DA9}"
EndProject
Project("{FAE04EC0-301F-11D3-BF4B-00C04F79EFBC}") = "Projections", "Projections\Projections.csproj", "{841B87D2-CC4C-4A5D-8B65-80F80DA420BE}"
EndProject
Project("{FAE04EC0-301F-11D3-BF4B-00C04F79EFBC}") = "Commands", "Commands\Commands.csproj", "{BBD92E96-BE2F-4CF5-A3E2-4D2ACA490E32}"
EndProject
Project("{FAE04EC0-301F-11D3-BF4B-00C04F79EFBC}") = "Queries", "Queries\Queries.csproj", "{1EF3F885-D4E0-4357-9426-91CE5D92DF6C}"
EndProject
Project("{FAE04EC0-301F-11D3-BF4B-00C04F79EFBC}") = "Producer", "Producer\Producer.csproj", "{94E16478-0030-4067-81B3-00C44D164CB1}"
EndProject
Project("{FAE04EC0-301F-11D3-BF4B-00C04F79EFBC}") = "Domain.Persistence", "Domain.Persistence\Domain.Persistence.csproj", "{96A9E7B4-AE77-4A76-801D-E7983F61FAEB}"
EndProject
Project("{FAE04EC0-301F-11D3-BF4B-00C04F79EFBC}") = "Messaging", "Messaging\Messaging.csproj", "{BB8B50C7-F111-4236-8FA0-3D1E06CD311F}"
EndProject
Project("{FAE04EC0-301F-11D3-BF4B-00C04F79EFBC}") = "Messaging.Contracts", "Messaging.Contracts\Messaging.Contracts.csproj", "{C7B1363F-EAAF-49FC-B01C-82190167CA36}"
EndProject
Project("{FAE04EC0-301F-11D3-BF4B-00C04F79EFBC}") = "ProjectionsHost", "ProjectionsHost\ProjectionsHost.csproj", "{5C41FBCA-DF3C-4499-99E0-955A1B738055}"
EndProject
Project("{2150E333-8FDC-42A3-9474-1A3956D46DE8}") = "Domain", "Domain", "{0EFA39B9-6EA0-478D-B02A-38E641E44186}"
EndProject
Project("{2150E333-8FDC-42A3-9474-1A3956D46DE8}") = "Infrastructure", "Infrastructure", "{BD41C729-A9E5-40A5-9ADE-527FAC691B47}"
EndProject
Project("{2150E333-8FDC-42A3-9474-1A3956D46DE8}") = "Projections", "Projections", "{3E3726A1-DF25-4141-AE1D-C04B0035649E}"
EndProject
Project("{2150E333-8FDC-42A3-9474-1A3956D46DE8}") = "API", "API", "{FD69F683-F106-4289-8262-A6C9EFD56ADA}"
EndProject
Global
	GlobalSection(SolutionConfigurationPlatforms) = preSolution
		Debug|Any CPU = Debug|Any CPU
		Release|Any CPU = Release|Any CPU
	EndGlobalSection
	GlobalSection(ProjectConfigurationPlatforms) = postSolution
		{60FF01A3-533F-4C56-A11E-D83F372D7DA9}.Debug|Any CPU.ActiveCfg = Debug|Any CPU
		{60FF01A3-533F-4C56-A11E-D83F372D7DA9}.Debug|Any CPU.Build.0 = Debug|Any CPU
		{60FF01A3-533F-4C56-A11E-D83F372D7DA9}.Release|Any CPU.ActiveCfg = Release|Any CPU
		{60FF01A3-533F-4C56-A11E-D83F372D7DA9}.Release|Any CPU.Build.0 = Release|Any CPU
		{841B87D2-CC4C-4A5D-8B65-80F80DA420BE}.Debug|Any CPU.ActiveCfg = Debug|Any CPU
		{841B87D2-CC4C-4A5D-8B65-80F80DA420BE}.Debug|Any CPU.Build.0 = Debug|Any CPU
		{841B87D2-CC4C-4A5D-8B65-80F80DA420BE}.Release|Any CPU.ActiveCfg = Release|Any CPU
		{841B87D2-CC4C-4A5D-8B65-80F80DA420BE}.Release|Any CPU.Build.0 = Release|Any CPU
		{BBD92E96-BE2F-4CF5-A3E2-4D2ACA490E32}.Debug|Any CPU.ActiveCfg = Debug|Any CPU
		{BBD92E96-BE2F-4CF5-A3E2-4D2ACA490E32}.Debug|Any CPU.Build.0 = Debug|Any CPU
		{BBD92E96-BE2F-4CF5-A3E2-4D2ACA490E32}.Release|Any CPU.ActiveCfg = Release|Any CPU
		{BBD92E96-BE2F-4CF5-A3E2-4D2ACA490E32}.Release|Any CPU.Build.0 = Release|Any CPU
		{1EF3F885-D4E0-4357-9426-91CE5D92DF6C}.Debug|Any CPU.ActiveCfg = Debug|Any CPU
		{1EF3F885-D4E0-4357-9426-91CE5D92DF6C}.Debug|Any CPU.Build.0 = Debug|Any CPU
		{1EF3F885-D4E0-4357-9426-91CE5D92DF6C}.Release|Any CPU.ActiveCfg = Release|Any CPU
		{1EF3F885-D4E0-4357-9426-91CE5D92DF6C}.Release|Any CPU.Build.0 = Release|Any CPU
		{94E16478-0030-4067-81B3-00C44D164CB1}.Debug|Any CPU.ActiveCfg = Debug|Any CPU
		{94E16478-0030-4067-81B3-00C44D164CB1}.Debug|Any CPU.Build.0 = Debug|Any CPU
		{94E16478-0030-4067-81B3-00C44D164CB1}.Release|Any CPU.ActiveCfg = Release|Any CPU
		{94E16478-0030-4067-81B3-00C44D164CB1}.Release|Any CPU.Build.0 = Release|Any CPU
		{96A9E7B4-AE77-4A76-801D-E7983F61FAEB}.Debug|Any CPU.ActiveCfg = Debug|Any CPU
		{96A9E7B4-AE77-4A76-801D-E7983F61FAEB}.Debug|Any CPU.Build.0 = Debug|Any CPU
		{96A9E7B4-AE77-4A76-801D-E7983F61FAEB}.Release|Any CPU.ActiveCfg = Release|Any CPU
		{96A9E7B4-AE77-4A76-801D-E7983F61FAEB}.Release|Any CPU.Build.0 = Release|Any CPU
		{BB8B50C7-F111-4236-8FA0-3D1E06CD311F}.Debug|Any CPU.ActiveCfg = Debug|Any CPU
		{BB8B50C7-F111-4236-8FA0-3D1E06CD311F}.Debug|Any CPU.Build.0 = Debug|Any CPU
		{BB8B50C7-F111-4236-8FA0-3D1E06CD311F}.Release|Any CPU.ActiveCfg = Release|Any CPU
		{BB8B50C7-F111-4236-8FA0-3D1E06CD311F}.Release|Any CPU.Build.0 = Release|Any CPU
		{C7B1363F-EAAF-49FC-B01C-82190167CA36}.Debug|Any CPU.ActiveCfg = Debug|Any CPU
		{C7B1363F-EAAF-49FC-B01C-82190167CA36}.Debug|Any CPU.Build.0 = Debug|Any CPU
		{C7B1363F-EAAF-49FC-B01C-82190167CA36}.Release|Any CPU.ActiveCfg = Release|Any CPU
		{C7B1363F-EAAF-49FC-B01C-82190167CA36}.Release|Any CPU.Build.0 = Release|Any CPU
		{5C41FBCA-DF3C-4499-99E0-955A1B738055}.Debug|Any CPU.ActiveCfg = Debug|Any CPU
		{5C41FBCA-DF3C-4499-99E0-955A1B738055}.Debug|Any CPU.Build.0 = Debug|Any CPU
		{5C41FBCA-DF3C-4499-99E0-955A1B738055}.Release|Any CPU.ActiveCfg = Release|Any CPU
		{5C41FBCA-DF3C-4499-99E0-955A1B738055}.Release|Any CPU.Build.0 = Release|Any CPU
	EndGlobalSection
	GlobalSection(NestedProjects) = preSolution
		{60FF01A3-533F-4C56-A11E-D83F372D7DA9} = {0EFA39B9-6EA0-478D-B02A-38E641E44186}
		{96A9E7B4-AE77-4A76-801D-E7983F61FAEB} = {0EFA39B9-6EA0-478D-B02A-38E641E44186}
		{BB8B50C7-F111-4236-8FA0-3D1E06CD311F} = {BD41C729-A9E5-40A5-9ADE-527FAC691B47}
		{C7B1363F-EAAF-49FC-B01C-82190167CA36} = {BD41C729-A9E5-40A5-9ADE-527FAC691B47}
		{5C41FBCA-DF3C-4499-99E0-955A1B738055} = {3E3726A1-DF25-4141-AE1D-C04B0035649E}
		{841B87D2-CC4C-4A5D-8B65-80F80DA420BE} = {3E3726A1-DF25-4141-AE1D-C04B0035649E}
		{1EF3F885-D4E0-4357-9426-91CE5D92DF6C} = {3E3726A1-DF25-4141-AE1D-C04B0035649E}
		{BBD92E96-BE2F-4CF5-A3E2-4D2ACA490E32} = {FD69F683-F106-4289-8262-A6C9EFD56ADA}
	EndGlobalSection
EndGlobal
